// !$*UTF8*$!
{
	archiveVersion = 1;
	classes = {
	};
	objectVersion = 56;
	objects = {

/* Begin PBXBuildFile section */
		278083B82A7B6DC80008B39D /* AppDelegate.swift in Sources */ = {isa = PBXBuildFile; fileRef = 278083B72A7B6DC80008B39D /* AppDelegate.swift */; };
		278083BA2A7B6DC80008B39D /* SceneDelegate.swift in Sources */ = {isa = PBXBuildFile; fileRef = 278083B92A7B6DC80008B39D /* SceneDelegate.swift */; };
		278083BC2A7B6DC80008B39D /* ViewController.swift in Sources */ = {isa = PBXBuildFile; fileRef = 278083BB2A7B6DC80008B39D /* ViewController.swift */; };
		278083BF2A7B6DC80008B39D /* Main.storyboard in Resources */ = {isa = PBXBuildFile; fileRef = 278083BD2A7B6DC80008B39D /* Main.storyboard */; };
		278083C12A7B6DC90008B39D /* Assets.xcassets in Resources */ = {isa = PBXBuildFile; fileRef = 278083C02A7B6DC90008B39D /* Assets.xcassets */; };
		278083C42A7B6DC90008B39D /* LaunchScreen.storyboard in Resources */ = {isa = PBXBuildFile; fileRef = 278083C22A7B6DC90008B39D /* LaunchScreen.storyboard */; };
		278083CD2A7B70E70008B39D /* FileService.swift in Sources */ = {isa = PBXBuildFile; fileRef = 278083CC2A7B70E70008B39D /* FileService.swift */; };
		278083D02A7B71150008B39D /* data.json in Resources */ = {isa = PBXBuildFile; fileRef = 278083CF2A7B71150008B39D /* data.json */; };
		278083D32A7B71BD0008B39D /* ContactModel.swift in Sources */ = {isa = PBXBuildFile; fileRef = 278083D22A7B71BD0008B39D /* ContactModel.swift */; };
		278083D72A7B74800008B39D /* ContactRepository.swift in Sources */ = {isa = PBXBuildFile; fileRef = 278083D62A7B74800008B39D /* ContactRepository.swift */; };
		278083D92A7B748B0008B39D /* ContactRepositoryProtocol.swift in Sources */ = {isa = PBXBuildFile; fileRef = 278083D82A7B748B0008B39D /* ContactRepositoryProtocol.swift */; };
		278083DC2A7B76490008B39D /* Injection.swift in Sources */ = {isa = PBXBuildFile; fileRef = 278083DB2A7B76490008B39D /* Injection.swift */; };
		278083E02A7B77A00008B39D /* ListViewController.swift in Sources */ = {isa = PBXBuildFile; fileRef = 278083DE2A7B77A00008B39D /* ListViewController.swift */; };
		278083E12A7B77A00008B39D /* ListViewController.xib in Resources */ = {isa = PBXBuildFile; fileRef = 278083DF2A7B77A00008B39D /* ListViewController.xib */; };
		278083E52A7B7B4C0008B39D /* ContactCollectionViewCell.swift in Sources */ = {isa = PBXBuildFile; fileRef = 278083E32A7B7B4C0008B39D /* ContactCollectionViewCell.swift */; };
		278083E62A7B7B4C0008B39D /* ContactCollectionViewCell.xib in Resources */ = {isa = PBXBuildFile; fileRef = 278083E42A7B7B4C0008B39D /* ContactCollectionViewCell.xib */; };
		278083E92A7B7ECA0008B39D /* ListViewModel.swift in Sources */ = {isa = PBXBuildFile; fileRef = 278083E82A7B7ECA0008B39D /* ListViewModel.swift */; };
		278083EC2A7B7F640008B39D /* ListUseCaseProtocol.swift in Sources */ = {isa = PBXBuildFile; fileRef = 278083EB2A7B7F640008B39D /* ListUseCaseProtocol.swift */; };
		278083EE2A7B7F700008B39D /* ListUseCase.swift in Sources */ = {isa = PBXBuildFile; fileRef = 278083ED2A7B7F700008B39D /* ListUseCase.swift */; };
		278083F02A7B81150008B39D /* ContactViewModel.swift in Sources */ = {isa = PBXBuildFile; fileRef = 278083EF2A7B81140008B39D /* ContactViewModel.swift */; };
		278083F32A7B83760008B39D /* DetailViewController.swift in Sources */ = {isa = PBXBuildFile; fileRef = 278083F12A7B83760008B39D /* DetailViewController.swift */; };
		278083F42A7B83760008B39D /* DetailViewController.xib in Resources */ = {isa = PBXBuildFile; fileRef = 278083F22A7B83760008B39D /* DetailViewController.xib */; };
		278083F62A7B847F0008B39D /* FormTextField.swift in Sources */ = {isa = PBXBuildFile; fileRef = 278083F52A7B847F0008B39D /* FormTextField.swift */; };
		278083F82A7B877C0008B39D /* DetailViewModel.swift in Sources */ = {isa = PBXBuildFile; fileRef = 278083F72A7B877C0008B39D /* DetailViewModel.swift */; };
/* End PBXBuildFile section */

/* Begin PBXFileReference section */
		278083B42A7B6DC80008B39D /* TrinityTest.app */ = {isa = PBXFileReference; explicitFileType = wrapper.application; includeInIndex = 0; path = TrinityTest.app; sourceTree = BUILT_PRODUCTS_DIR; };
		278083B72A7B6DC80008B39D /* AppDelegate.swift */ = {isa = PBXFileReference; lastKnownFileType = sourcecode.swift; path = AppDelegate.swift; sourceTree = "<group>"; };
		278083B92A7B6DC80008B39D /* SceneDelegate.swift */ = {isa = PBXFileReference; lastKnownFileType = sourcecode.swift; path = SceneDelegate.swift; sourceTree = "<group>"; };
		278083BB2A7B6DC80008B39D /* ViewController.swift */ = {isa = PBXFileReference; lastKnownFileType = sourcecode.swift; path = ViewController.swift; sourceTree = "<group>"; };
		278083BE2A7B6DC80008B39D /* Base */ = {isa = PBXFileReference; lastKnownFileType = file.storyboard; name = Base; path = Base.lproj/Main.storyboard; sourceTree = "<group>"; };
		278083C02A7B6DC90008B39D /* Assets.xcassets */ = {isa = PBXFileReference; lastKnownFileType = folder.assetcatalog; path = Assets.xcassets; sourceTree = "<group>"; };
		278083C32A7B6DC90008B39D /* Base */ = {isa = PBXFileReference; lastKnownFileType = file.storyboard; name = Base; path = Base.lproj/LaunchScreen.storyboard; sourceTree = "<group>"; };
		278083C52A7B6DC90008B39D /* Info.plist */ = {isa = PBXFileReference; lastKnownFileType = text.plist.xml; path = Info.plist; sourceTree = "<group>"; };
		278083CC2A7B70E70008B39D /* FileService.swift */ = {isa = PBXFileReference; lastKnownFileType = sourcecode.swift; path = FileService.swift; sourceTree = "<group>"; };
		278083CF2A7B71150008B39D /* data.json */ = {isa = PBXFileReference; fileEncoding = 4; lastKnownFileType = text.json; path = data.json; sourceTree = "<group>"; };
		278083D22A7B71BD0008B39D /* ContactModel.swift */ = {isa = PBXFileReference; lastKnownFileType = sourcecode.swift; path = ContactModel.swift; sourceTree = "<group>"; };
		278083D62A7B74800008B39D /* ContactRepository.swift */ = {isa = PBXFileReference; lastKnownFileType = sourcecode.swift; path = ContactRepository.swift; sourceTree = "<group>"; };
		278083D82A7B748B0008B39D /* ContactRepositoryProtocol.swift */ = {isa = PBXFileReference; lastKnownFileType = sourcecode.swift; path = ContactRepositoryProtocol.swift; sourceTree = "<group>"; };
		278083DB2A7B76490008B39D /* Injection.swift */ = {isa = PBXFileReference; lastKnownFileType = sourcecode.swift; path = Injection.swift; sourceTree = "<group>"; };
		278083DE2A7B77A00008B39D /* ListViewController.swift */ = {isa = PBXFileReference; lastKnownFileType = sourcecode.swift; path = ListViewController.swift; sourceTree = "<group>"; };
		278083DF2A7B77A00008B39D /* ListViewController.xib */ = {isa = PBXFileReference; lastKnownFileType = file.xib; path = ListViewController.xib; sourceTree = "<group>"; };
		278083E32A7B7B4C0008B39D /* ContactCollectionViewCell.swift */ = {isa = PBXFileReference; lastKnownFileType = sourcecode.swift; path = ContactCollectionViewCell.swift; sourceTree = "<group>"; };
		278083E42A7B7B4C0008B39D /* ContactCollectionViewCell.xib */ = {isa = PBXFileReference; lastKnownFileType = file.xib; path = ContactCollectionViewCell.xib; sourceTree = "<group>"; };
		278083E82A7B7ECA0008B39D /* ListViewModel.swift */ = {isa = PBXFileReference; lastKnownFileType = sourcecode.swift; path = ListViewModel.swift; sourceTree = "<group>"; };
		278083EB2A7B7F640008B39D /* ListUseCaseProtocol.swift */ = {isa = PBXFileReference; lastKnownFileType = sourcecode.swift; path = ListUseCaseProtocol.swift; sourceTree = "<group>"; };
		278083ED2A7B7F700008B39D /* ListUseCase.swift */ = {isa = PBXFileReference; lastKnownFileType = sourcecode.swift; path = ListUseCase.swift; sourceTree = "<group>"; };
		278083EF2A7B81140008B39D /* ContactViewModel.swift */ = {isa = PBXFileReference; lastKnownFileType = sourcecode.swift; path = ContactViewModel.swift; sourceTree = "<group>"; };
		278083F12A7B83760008B39D /* DetailViewController.swift */ = {isa = PBXFileReference; lastKnownFileType = sourcecode.swift; path = DetailViewController.swift; sourceTree = "<group>"; };
		278083F22A7B83760008B39D /* DetailViewController.xib */ = {isa = PBXFileReference; lastKnownFileType = file.xib; path = DetailViewController.xib; sourceTree = "<group>"; };
		278083F52A7B847F0008B39D /* FormTextField.swift */ = {isa = PBXFileReference; lastKnownFileType = sourcecode.swift; path = FormTextField.swift; sourceTree = "<group>"; };
		278083F72A7B877C0008B39D /* DetailViewModel.swift */ = {isa = PBXFileReference; lastKnownFileType = sourcecode.swift; path = DetailViewModel.swift; sourceTree = "<group>"; };
/* End PBXFileReference section */

/* Begin PBXFrameworksBuildPhase section */
		278083B12A7B6DC80008B39D /* Frameworks */ = {
			isa = PBXFrameworksBuildPhase;
			buildActionMask = 2147483647;
			files = (
			);
			runOnlyForDeploymentPostprocessing = 0;
		};
/* End PBXFrameworksBuildPhase section */

/* Begin PBXGroup section */
		278083AB2A7B6DC80008B39D = {
			isa = PBXGroup;
			children = (
				278083B62A7B6DC80008B39D /* TrinityTest */,
				278083B52A7B6DC80008B39D /* Products */,
			);
			sourceTree = "<group>";
		};
		278083B52A7B6DC80008B39D /* Products */ = {
			isa = PBXGroup;
			children = (
				278083B42A7B6DC80008B39D /* TrinityTest.app */,
			);
			name = Products;
			sourceTree = "<group>";
		};
		278083B62A7B6DC80008B39D /* TrinityTest */ = {
			isa = PBXGroup;
			children = (
				278083EA2A7B7F3C0008B39D /* Domain */,
				278083E72A7B7D210008B39D /* ViewModel */,
				278083E22A7B7B350008B39D /* SubView */,
				278083DD2A7B776F0008B39D /* Controller */,
				278083DA2A7B763B0008B39D /* DI */,
				278083D42A7B74420008B39D /* Data */,
				278083D12A7B71450008B39D /* Model */,
				278083CE2A7B70EC0008B39D /* Resources */,
				278083CB2A7B70C20008B39D /* Service */,
				278083B72A7B6DC80008B39D /* AppDelegate.swift */,
				278083B92A7B6DC80008B39D /* SceneDelegate.swift */,
				278083BB2A7B6DC80008B39D /* ViewController.swift */,
				278083BD2A7B6DC80008B39D /* Main.storyboard */,
				278083C02A7B6DC90008B39D /* Assets.xcassets */,
				278083C22A7B6DC90008B39D /* LaunchScreen.storyboard */,
				278083C52A7B6DC90008B39D /* Info.plist */,
			);
			path = TrinityTest;
			sourceTree = "<group>";
		};
		278083CB2A7B70C20008B39D /* Service */ = {
			isa = PBXGroup;
			children = (
				278083CC2A7B70E70008B39D /* FileService.swift */,
			);
			path = Service;
			sourceTree = "<group>";
		};
		278083CE2A7B70EC0008B39D /* Resources */ = {
			isa = PBXGroup;
			children = (
				278083CF2A7B71150008B39D /* data.json */,
			);
			path = Resources;
			sourceTree = "<group>";
		};
		278083D12A7B71450008B39D /* Model */ = {
			isa = PBXGroup;
			children = (
				278083D22A7B71BD0008B39D /* ContactModel.swift */,
			);
			path = Model;
			sourceTree = "<group>";
		};
		278083D42A7B74420008B39D /* Data */ = {
			isa = PBXGroup;
			children = (
				278083D52A7B74510008B39D /* Repository */,
			);
			path = Data;
			sourceTree = "<group>";
		};
		278083D52A7B74510008B39D /* Repository */ = {
			isa = PBXGroup;
			children = (
				278083D82A7B748B0008B39D /* ContactRepositoryProtocol.swift */,
				278083D62A7B74800008B39D /* ContactRepository.swift */,
			);
			path = Repository;
			sourceTree = "<group>";
		};
		278083DA2A7B763B0008B39D /* DI */ = {
			isa = PBXGroup;
			children = (
				278083DB2A7B76490008B39D /* Injection.swift */,
			);
			path = DI;
			sourceTree = "<group>";
		};
		278083DD2A7B776F0008B39D /* Controller */ = {
			isa = PBXGroup;
			children = (
				278083DE2A7B77A00008B39D /* ListViewController.swift */,
				278083DF2A7B77A00008B39D /* ListViewController.xib */,
				278083F12A7B83760008B39D /* DetailViewController.swift */,
				278083F22A7B83760008B39D /* DetailViewController.xib */,
			);
			path = Controller;
			sourceTree = "<group>";
		};
		278083E22A7B7B350008B39D /* SubView */ = {
			isa = PBXGroup;
			children = (
				278083E32A7B7B4C0008B39D /* ContactCollectionViewCell.swift */,
				278083E42A7B7B4C0008B39D /* ContactCollectionViewCell.xib */,
				278083F52A7B847F0008B39D /* FormTextField.swift */,
			);
			path = SubView;
			sourceTree = "<group>";
		};
		278083E72A7B7D210008B39D /* ViewModel */ = {
			isa = PBXGroup;
			children = (
				278083E82A7B7ECA0008B39D /* ListViewModel.swift */,
				278083EF2A7B81140008B39D /* ContactViewModel.swift */,
				278083F72A7B877C0008B39D /* DetailViewModel.swift */,
			);
			path = ViewModel;
			sourceTree = "<group>";
		};
		278083EA2A7B7F3C0008B39D /* Domain */ = {
			isa = PBXGroup;
			children = (
				278083EB2A7B7F640008B39D /* ListUseCaseProtocol.swift */,
				278083ED2A7B7F700008B39D /* ListUseCase.swift */,
			);
			path = Domain;
			sourceTree = "<group>";
		};
/* End PBXGroup section */

/* Begin PBXNativeTarget section */
		278083B32A7B6DC80008B39D /* TrinityTest */ = {
			isa = PBXNativeTarget;
			buildConfigurationList = 278083C82A7B6DC90008B39D /* Build configuration list for PBXNativeTarget "TrinityTest" */;
			buildPhases = (
				278083B02A7B6DC80008B39D /* Sources */,
				278083B12A7B6DC80008B39D /* Frameworks */,
				278083B22A7B6DC80008B39D /* Resources */,
			);
			buildRules = (
			);
			dependencies = (
			);
			name = TrinityTest;
			productName = TrinityTest;
			productReference = 278083B42A7B6DC80008B39D /* TrinityTest.app */;
			productType = "com.apple.product-type.application";
		};
/* End PBXNativeTarget section */

/* Begin PBXProject section */
		278083AC2A7B6DC80008B39D /* Project object */ = {
			isa = PBXProject;
			attributes = {
				BuildIndependentTargetsInParallel = 1;
				LastSwiftUpdateCheck = 1430;
				LastUpgradeCheck = 1430;
				TargetAttributes = {
					278083B32A7B6DC80008B39D = {
						CreatedOnToolsVersion = 14.3.1;
					};
				};
			};
			buildConfigurationList = 278083AF2A7B6DC80008B39D /* Build configuration list for PBXProject "TrinityTest" */;
			compatibilityVersion = "Xcode 14.0";
			developmentRegion = en;
			hasScannedForEncodings = 0;
			knownRegions = (
				en,
				Base,
			);
			mainGroup = 278083AB2A7B6DC80008B39D;
			productRefGroup = 278083B52A7B6DC80008B39D /* Products */;
			projectDirPath = "";
			projectRoot = "";
			targets = (
				278083B32A7B6DC80008B39D /* TrinityTest */,
			);
		};
/* End PBXProject section */

/* Begin PBXResourcesBuildPhase section */
		278083B22A7B6DC80008B39D /* Resources */ = {
			isa = PBXResourcesBuildPhase;
			buildActionMask = 2147483647;
			files = (
				278083C42A7B6DC90008B39D /* LaunchScreen.storyboard in Resources */,
				278083C12A7B6DC90008B39D /* Assets.xcassets in Resources */,
				278083F42A7B83760008B39D /* DetailViewController.xib in Resources */,
				278083E12A7B77A00008B39D /* ListViewController.xib in Resources */,
				278083BF2A7B6DC80008B39D /* Main.storyboard in Resources */,
				278083D02A7B71150008B39D /* data.json in Resources */,
				278083E62A7B7B4C0008B39D /* ContactCollectionViewCell.xib in Resources */,
			);
			runOnlyForDeploymentPostprocessing = 0;
		};
/* End PBXResourcesBuildPhase section */

/* Begin PBXSourcesBuildPhase section */
		278083B02A7B6DC80008B39D /* Sources */ = {
			isa = PBXSourcesBuildPhase;
			buildActionMask = 2147483647;
			files = (
				278083F82A7B877C0008B39D /* DetailViewModel.swift in Sources */,
				278083D72A7B74800008B39D /* ContactRepository.swift in Sources */,
				278083E52A7B7B4C0008B39D /* ContactCollectionViewCell.swift in Sources */,
				278083BC2A7B6DC80008B39D /* ViewController.swift in Sources */,
				278083EC2A7B7F640008B39D /* ListUseCaseProtocol.swift in Sources */,
				278083CD2A7B70E70008B39D /* FileService.swift in Sources */,
				278083D92A7B748B0008B39D /* ContactRepositoryProtocol.swift in Sources */,
				278083B82A7B6DC80008B39D /* AppDelegate.swift in Sources */,
				278083E02A7B77A00008B39D /* ListViewController.swift in Sources */,
				278083DC2A7B76490008B39D /* Injection.swift in Sources */,
				278083EE2A7B7F700008B39D /* ListUseCase.swift in Sources */,
				278083D32A7B71BD0008B39D /* ContactModel.swift in Sources */,
				278083F62A7B847F0008B39D /* FormTextField.swift in Sources */,
				278083F02A7B81150008B39D /* ContactViewModel.swift in Sources */,
				278083F32A7B83760008B39D /* DetailViewController.swift in Sources */,
				278083BA2A7B6DC80008B39D /* SceneDelegate.swift in Sources */,
				278083E92A7B7ECA0008B39D /* ListViewModel.swift in Sources */,
			);
			runOnlyForDeploymentPostprocessing = 0;
		};
/* End PBXSourcesBuildPhase section */

/* Begin PBXVariantGroup section */
		278083BD2A7B6DC80008B39D /* Main.storyboard */ = {
			isa = PBXVariantGroup;
			children = (
				278083BE2A7B6DC80008B39D /* Base */,
			);
			name = Main.storyboard;
			sourceTree = "<group>";
		};
		278083C22A7B6DC90008B39D /* LaunchScreen.storyboard */ = {
			isa = PBXVariantGroup;
			children = (
				278083C32A7B6DC90008B39D /* Base */,
			);
			name = LaunchScreen.storyboard;
			sourceTree = "<group>";
		};
/* End PBXVariantGroup section */

/* Begin XCBuildConfiguration section */
		278083C62A7B6DC90008B39D /* Debug */ = {
			isa = XCBuildConfiguration;
			buildSettings = {
				ALWAYS_SEARCH_USER_PATHS = NO;
				CLANG_ANALYZER_NONNULL = YES;
				CLANG_ANALYZER_NUMBER_OBJECT_CONVERSION = YES_AGGRESSIVE;
				CLANG_CXX_LANGUAGE_STANDARD = "gnu++20";
				CLANG_ENABLE_MODULES = YES;
				CLANG_ENABLE_OBJC_ARC = YES;
				CLANG_ENABLE_OBJC_WEAK = YES;
				CLANG_WARN_BLOCK_CAPTURE_AUTORELEASING = YES;
				CLANG_WARN_BOOL_CONVERSION = YES;
				CLANG_WARN_COMMA = YES;
				CLANG_WARN_CONSTANT_CONVERSION = YES;
				CLANG_WARN_DEPRECATED_OBJC_IMPLEMENTATIONS = YES;
				CLANG_WARN_DIRECT_OBJC_ISA_USAGE = YES_ERROR;
				CLANG_WARN_DOCUMENTATION_COMMENTS = YES;
				CLANG_WARN_EMPTY_BODY = YES;
				CLANG_WARN_ENUM_CONVERSION = YES;
				CLANG_WARN_INFINITE_RECURSION = YES;
				CLANG_WARN_INT_CONVERSION = YES;
				CLANG_WARN_NON_LITERAL_NULL_CONVERSION = YES;
				CLANG_WARN_OBJC_IMPLICIT_RETAIN_SELF = YES;
				CLANG_WARN_OBJC_LITERAL_CONVERSION = YES;
				CLANG_WARN_OBJC_ROOT_CLASS = YES_ERROR;
				CLANG_WARN_QUOTED_INCLUDE_IN_FRAMEWORK_HEADER = YES;
				CLANG_WARN_RANGE_LOOP_ANALYSIS = YES;
				CLANG_WARN_STRICT_PROTOTYPES = YES;
				CLANG_WARN_SUSPICIOUS_MOVE = YES;
				CLANG_WARN_UNGUARDED_AVAILABILITY = YES_AGGRESSIVE;
				CLANG_WARN_UNREACHABLE_CODE = YES;
				CLANG_WARN__DUPLICATE_METHOD_MATCH = YES;
				COPY_PHASE_STRIP = NO;
				DEBUG_INFORMATION_FORMAT = dwarf;
				ENABLE_STRICT_OBJC_MSGSEND = YES;
				ENABLE_TESTABILITY = YES;
				GCC_C_LANGUAGE_STANDARD = gnu11;
				GCC_DYNAMIC_NO_PIC = NO;
				GCC_NO_COMMON_BLOCKS = YES;
				GCC_OPTIMIZATION_LEVEL = 0;
				GCC_PREPROCESSOR_DEFINITIONS = (
					"DEBUG=1",
					"$(inherited)",
				);
				GCC_WARN_64_TO_32_BIT_CONVERSION = YES;
				GCC_WARN_ABOUT_RETURN_TYPE = YES_ERROR;
				GCC_WARN_UNDECLARED_SELECTOR = YES;
				GCC_WARN_UNINITIALIZED_AUTOS = YES_AGGRESSIVE;
				GCC_WARN_UNUSED_FUNCTION = YES;
				GCC_WARN_UNUSED_VARIABLE = YES;
				IPHONEOS_DEPLOYMENT_TARGET = 16.4;
				MTL_ENABLE_DEBUG_INFO = INCLUDE_SOURCE;
				MTL_FAST_MATH = YES;
				ONLY_ACTIVE_ARCH = YES;
				SDKROOT = iphoneos;
				SWIFT_ACTIVE_COMPILATION_CONDITIONS = DEBUG;
				SWIFT_OPTIMIZATION_LEVEL = "-Onone";
			};
			name = Debug;
		};
		278083C72A7B6DC90008B39D /* Release */ = {
			isa = XCBuildConfiguration;
			buildSettings = {
				ALWAYS_SEARCH_USER_PATHS = NO;
				CLANG_ANALYZER_NONNULL = YES;
				CLANG_ANALYZER_NUMBER_OBJECT_CONVERSION = YES_AGGRESSIVE;
				CLANG_CXX_LANGUAGE_STANDARD = "gnu++20";
				CLANG_ENABLE_MODULES = YES;
				CLANG_ENABLE_OBJC_ARC = YES;
				CLANG_ENABLE_OBJC_WEAK = YES;
				CLANG_WARN_BLOCK_CAPTURE_AUTORELEASING = YES;
				CLANG_WARN_BOOL_CONVERSION = YES;
				CLANG_WARN_COMMA = YES;
				CLANG_WARN_CONSTANT_CONVERSION = YES;
				CLANG_WARN_DEPRECATED_OBJC_IMPLEMENTATIONS = YES;
				CLANG_WARN_DIRECT_OBJC_ISA_USAGE = YES_ERROR;
				CLANG_WARN_DOCUMENTATION_COMMENTS = YES;
				CLANG_WARN_EMPTY_BODY = YES;
				CLANG_WARN_ENUM_CONVERSION = YES;
				CLANG_WARN_INFINITE_RECURSION = YES;
				CLANG_WARN_INT_CONVERSION = YES;
				CLANG_WARN_NON_LITERAL_NULL_CONVERSION = YES;
				CLANG_WARN_OBJC_IMPLICIT_RETAIN_SELF = YES;
				CLANG_WARN_OBJC_LITERAL_CONVERSION = YES;
				CLANG_WARN_OBJC_ROOT_CLASS = YES_ERROR;
				CLANG_WARN_QUOTED_INCLUDE_IN_FRAMEWORK_HEADER = YES;
				CLANG_WARN_RANGE_LOOP_ANALYSIS = YES;
				CLANG_WARN_STRICT_PROTOTYPES = YES;
				CLANG_WARN_SUSPICIOUS_MOVE = YES;
				CLANG_WARN_UNGUARDED_AVAILABILITY = YES_AGGRESSIVE;
				CLANG_WARN_UNREACHABLE_CODE = YES;
				CLANG_WARN__DUPLICATE_METHOD_MATCH = YES;
				COPY_PHASE_STRIP = NO;
				DEBUG_INFORMATION_FORMAT = "dwarf-with-dsym";
				ENABLE_NS_ASSERTIONS = NO;
				ENABLE_STRICT_OBJC_MSGSEND = YES;
				GCC_C_LANGUAGE_STANDARD = gnu11;
				GCC_NO_COMMON_BLOCKS = YES;
				GCC_WARN_64_TO_32_BIT_CONVERSION = YES;
				GCC_WARN_ABOUT_RETURN_TYPE = YES_ERROR;
				GCC_WARN_UNDECLARED_SELECTOR = YES;
				GCC_WARN_UNINITIALIZED_AUTOS = YES_AGGRESSIVE;
				GCC_WARN_UNUSED_FUNCTION = YES;
				GCC_WARN_UNUSED_VARIABLE = YES;
				IPHONEOS_DEPLOYMENT_TARGET = 16.4;
				MTL_ENABLE_DEBUG_INFO = NO;
				MTL_FAST_MATH = YES;
				SDKROOT = iphoneos;
				SWIFT_COMPILATION_MODE = wholemodule;
				SWIFT_OPTIMIZATION_LEVEL = "-O";
				VALIDATE_PRODUCT = YES;
			};
			name = Release;
		};
		278083C92A7B6DC90008B39D /* Debug */ = {
			isa = XCBuildConfiguration;
			buildSettings = {
				ASSETCATALOG_COMPILER_APPICON_NAME = AppIcon;
				ASSETCATALOG_COMPILER_GLOBAL_ACCENT_COLOR_NAME = AccentColor;
				CODE_SIGN_STYLE = Automatic;
				CURRENT_PROJECT_VERSION = 1;
				GENERATE_INFOPLIST_FILE = YES;
				INFOPLIST_FILE = TrinityTest/Info.plist;
				INFOPLIST_KEY_UIApplicationSupportsIndirectInputEvents = YES;
				INFOPLIST_KEY_UILaunchStoryboardName = LaunchScreen;
				INFOPLIST_KEY_UIMainStoryboardFile = Main;
				INFOPLIST_KEY_UISupportedInterfaceOrientations_iPad = "UIInterfaceOrientationPortrait UIInterfaceOrientationPortraitUpsideDown UIInterfaceOrientationLandscapeLeft UIInterfaceOrientationLandscapeRight";
				INFOPLIST_KEY_UISupportedInterfaceOrientations_iPhone = "UIInterfaceOrientationPortrait UIInterfaceOrientationLandscapeLeft UIInterfaceOrientationLandscapeRight";
				LD_RUNPATH_SEARCH_PATHS = (
					"$(inherited)",
					"@executable_path/Frameworks",
				);
				MARKETING_VERSION = 1.0;
				PRODUCT_BUNDLE_IDENTIFIER = com.septiadi.TrinityTest;
				PRODUCT_NAME = "$(TARGET_NAME)";
				SWIFT_EMIT_LOC_STRINGS = YES;
				SWIFT_VERSION = 5.0;
				TARGETED_DEVICE_FAMILY = "1,2";
			};
			name = Debug;
		};
		278083CA2A7B6DC90008B39D /* Release */ = {
			isa = XCBuildConfiguration;
			buildSettings = {
				ASSETCATALOG_COMPILER_APPICON_NAME = AppIcon;
				ASSETCATALOG_COMPILER_GLOBAL_ACCENT_COLOR_NAME = AccentColor;
				CODE_SIGN_STYLE = Automatic;
				CURRENT_PROJECT_VERSION = 1;
				GENERATE_INFOPLIST_FILE = YES;
				INFOPLIST_FILE = TrinityTest/Info.plist;
				INFOPLIST_KEY_UIApplicationSupportsIndirectInputEvents = YES;
				INFOPLIST_KEY_UILaunchStoryboardName = LaunchScreen;
				INFOPLIST_KEY_UIMainStoryboardFile = Main;
				INFOPLIST_KEY_UISupportedInterfaceOrientations_iPad = "UIInterfaceOrientationPortrait UIInterfaceOrientationPortraitUpsideDown UIInterfaceOrientationLandscapeLeft UIInterfaceOrientationLandscapeRight";
				INFOPLIST_KEY_UISupportedInterfaceOrientations_iPhone = "UIInterfaceOrientationPortrait UIInterfaceOrientationLandscapeLeft UIInterfaceOrientationLandscapeRight";
				LD_RUNPATH_SEARCH_PATHS = (
					"$(inherited)",
					"@executable_path/Frameworks",
				);
				MARKETING_VERSION = 1.0;
				PRODUCT_BUNDLE_IDENTIFIER = com.septiadi.TrinityTest;
				PRODUCT_NAME = "$(TARGET_NAME)";
				SWIFT_EMIT_LOC_STRINGS = YES;
				SWIFT_VERSION = 5.0;
				TARGETED_DEVICE_FAMILY = "1,2";
			};
			name = Release;
		};
/* End XCBuildConfiguration section */

/* Begin XCConfigurationList section */
		278083AF2A7B6DC80008B39D /* Build configuration list for PBXProject "TrinityTest" */ = {
			isa = XCConfigurationList;
			buildConfigurations = (
				278083C62A7B6DC90008B39D /* Debug */,
				278083C72A7B6DC90008B39D /* Release */,
			);
			defaultConfigurationIsVisible = 0;
			defaultConfigurationName = Release;
		};
		278083C82A7B6DC90008B39D /* Build configuration list for PBXNativeTarget "TrinityTest" */ = {
			isa = XCConfigurationList;
			buildConfigurations = (
				278083C92A7B6DC90008B39D /* Debug */,
				278083CA2A7B6DC90008B39D /* Release */,
			);
			defaultConfigurationIsVisible = 0;
			defaultConfigurationName = Release;
		};
/* End XCConfigurationList section */
	};
	rootObject = 278083AC2A7B6DC80008B39D /* Project object */;
}
